
Microsoft Visual Studio Solution File, Format Version 12.00
# Visual Studio Version 17
VisualStudioVersion = 17.10.35013.160
MinimumVisualStudioVersion = 10.0.40219.1
Project("{9A19103F-16F7-4668-BE54-9A1E7A4F7556}") = "Biblioteca", "Biblioteca\Biblioteca.csproj", "{6A1A009E-4FD3-41CE-BD35-D4608FC4BD7A}"
EndProject
Project("{9A19103F-16F7-4668-BE54-9A1E7A4F7556}") = "Projeto (Forms)", "Projeto (Forms)\Projeto (Forms).csproj", "{2C5A2B3E-38CB-4D46-8D05-A78B3F727573}"
EndProject
Project("{9A19103F-16F7-4668-BE54-9A1E7A4F7556}") = "Projeto (WPF)", "Projeto (WPF)\Projeto (WPF).csproj", "{B435770C-EDA1-42DD-9C71-6656074463A1}"
EndProject
Global
	GlobalSection(SolutionConfigurationPlatforms) = preSolution
		Debug|Any CPU = Debug|Any CPU
		Release|Any CPU = Release|Any CPU
	EndGlobalSection
	GlobalSection(ProjectConfigurationPlatforms) = postSolution
		{6A1A009E-4FD3-41CE-BD35-D4608FC4BD7A}.Debug|Any CPU.ActiveCfg = Debug|Any CPU
		{6A1A009E-4FD3-41CE-BD35-D4608FC4BD7A}.Debug|Any CPU.Build.0 = Debug|Any CPU
		{6A1A009E-4FD3-41CE-BD35-D4608FC4BD7A}.Release|Any CPU.ActiveCfg = Release|Any CPU
		{6A1A009E-4FD3-41CE-BD35-D4608FC4BD7A}.Release|Any CPU.Build.0 = Release|Any CPU
		{2C5A2B3E-38CB-4D46-8D05-A78B3F727573}.Debug|Any CPU.ActiveCfg = Debug|Any CPU
		{2C5A2B3E-38CB-4D46-8D05-A78B3F727573}.Debug|Any CPU.Build.0 = Debug|Any CPU
		{2C5A2B3E-38CB-4D46-8D05-A78B3F727573}.Release|Any CPU.ActiveCfg = Release|Any CPU
		{2C5A2B3E-38CB-4D46-8D05-A78B3F727573}.Release|Any CPU.Build.0 = Release|Any CPU
		{B435770C-EDA1-42DD-9C71-6656074463A1}.Debug|Any CPU.ActiveCfg = Debug|Any CPU
		{B435770C-EDA1-42DD-9C71-6656074463A1}.Debug|Any CPU.Build.0 = Debug|Any CPU
		{B435770C-EDA1-42DD-9C71-6656074463A1}.Release|Any CPU.ActiveCfg = Release|Any CPU
		{B435770C-EDA1-42DD-9C71-6656074463A1}.Release|Any CPU.Build.0 = Release|Any CPU
	EndGlobalSection
	GlobalSection(SolutionProperties) = preSolution
		HideSolutionNode = FALSE
	EndGlobalSection
	GlobalSection(ExtensibilityGlobals) = postSolution
		SolutionGuid = {36DB86E5-ED78-421A-B068-61467BB2358C}
	EndGlobalSection
EndGlobal
